
Microsoft Visual Studio Solution File, Format Version 12.00
# Visual Studio Version 17
VisualStudioVersion = 17.2.32602.215
MinimumVisualStudioVersion = 10.0.40219.1
Project("{FAE04EC0-301F-11D3-BF4B-00C04F79EFBC}") = "LINQ", "LINQ\LINQ.csproj", "{38E9531C-8C3A-444C-B01A-712845DA2F17}"
EndProject
Global
	GlobalSection(SolutionConfigurationPlatforms) = preSolution
		Debug|Any CPU = Debug|Any CPU
		Release|Any CPU = Release|Any CPU
	EndGlobalSection
	GlobalSection(ProjectConfigurationPlatforms) = postSolution
		{38E9531C-8C3A-444C-B01A-712845DA2F17}.Debug|Any CPU.ActiveCfg = Debug|Any CPU
		{38E9531C-8C3A-444C-B01A-712845DA2F17}.Debug|Any CPU.Build.0 = Debug|Any CPU
		{38E9531C-8C3A-444C-B01A-712845DA2F17}.Release|Any CPU.ActiveCfg = Release|Any CPU
		{38E9531C-8C3A-444C-B01A-712845DA2F17}.Release|Any CPU.Build.0 = Release|Any CPU
	EndGlobalSection
	GlobalSection(SolutionProperties) = preSolution
		HideSolutionNode = FALSE
	EndGlobalSection
	GlobalSection(ExtensibilityGlobals) = postSolution
		SolutionGuid = {0949644C-399A-4648-ABBA-17DB9997F574}
	EndGlobalSection
EndGlobal
